# THIS IS AN AUTOGENERATED FILE. DO NOT EDIT THIS FILE DIRECTLY.
# yarn lockfile v1


"@types/node@*":
  "integrity" "sha512-m+6nTEOadJZuTPkKR/SYK3A2d7FZrgElol9UP1Kae90VVU4a6mxnPuLiIW1m4Cq4gZ/nWb9GrdVXJCoCazDAbg=="
  "resolved" "https://registry.npmjs.org/@types/node/-/node-18.7.18.tgz"
  "version" "18.7.18"

"@types/ws@^8.5.3":
  "integrity" "sha512-6YOoWjruKj1uLf3INHH7D3qTXwFfEsg1kf3c0uDdSBJwfa/llkwIjrAGV7j7mVgGNbzTQ3HiHKKDXl6bJPD97w=="
  "resolved" "https://registry.npmjs.org/@types/ws/-/ws-8.5.3.tgz"
  "version" "8.5.3"
  dependencies:
    "@types/node" "*"

"rtquery-server@*", "rtquery-server@file:C:\\Users\\dshar\\programs\\rtquery\\packages\\rtquery-server":
  "resolved" "file:packages/rtquery-server"
  "version" "1.0.0"
  dependencies:
    "ws" "^8.8.1"

"server@file:C:\\Users\\dshar\\programs\\rtquery\\examples\\server":
  "resolved" "file:examples/server"
  "version" "1.0.0"
  dependencies:
    "rtquery-server" "*"

"typescript@^4.8.3":
  "integrity" "sha512-goMHfm00nWPa8UvR/CPSvykqf6dVV8x/dp0c5mFTMTIu0u0FlGWRioyy7Nn0PGAdHxpJZnuO/ut+PpQ8UiHAig=="
  "resolved" "https://registry.npmjs.org/typescript/-/typescript-4.8.3.tgz"
  "version" "4.8.3"

"ws@^8.8.1":
  "integrity" "sha512-bGy2JzvzkPowEJV++hF07hAD6niYSr0JzBNo/J29WsB57A2r7Wlc1UFcTR9IzrPvuNVO4B8LGqF8qcpsVOhJCA=="
  "resolved" "https://registry.npmjs.org/ws/-/ws-8.8.1.tgz"
  "version" "8.8.1"
